{
	"name": "timed-stream",
	"version": "1.1.0",
	"lockfileVersion": 1,
	"requires": true,
	"dependencies": {
		"@types/node": {
			"version": "9.6.9",
			"resolved": "https://registry.npmjs.org/@types/node/-/node-9.6.9.tgz",
			"integrity": "sha512-xDIb9fSIt1FXbaChHIvoKN1mKoQb+rcqdvtLtIth0Una1V8bnZjznolL5O50TowhuFU9RlqCcldRgzc3iU/KvQ==",
			"dev": true
		},
		"abbrev": {
			"version": "https://registry.npmjs.org/abbrev/-/abbrev-1.0.9.tgz",
			"integrity": "sha512-LEyx4aLEC3x6T0UguF6YILf+ntvmOaWsVfENmIW0E9H09vKlLDGelMjjSm0jkDHALj8A8quZ/HapKNigzwge+Q==",
			"dev": true
		},
		"ajv": {
			"version": "5.5.2",
			"resolved": "https://registry.npmjs.org/ajv/-/ajv-5.5.2.tgz",
			"integrity": "sha1-c7Xuyj+rZT49P5Qis0GtQiBdyWU=",
			"dev": true,
			"requires": {
				"co": "4.6.0",
				"fast-deep-equal": "1.1.0",
				"fast-json-stable-stringify": "2.0.0",
				"json-schema-traverse": "0.3.1"
			}
		},
		"align-text": {
			"version": "https://registry.npmjs.org/align-text/-/align-text-0.1.4.tgz",
			"integrity": "sha512-GrTZLRpmp6wIC2ztrWW9MjjTgSKccffgFagbNDOX95/dcjEcYZibYTeaOntySQLcdw1ztBoFkviiUvTMbb9MYg==",
			"dev": true,
			"requires": {
				"kind-of": "https://registry.npmjs.org/kind-of/-/kind-of-3.2.0.tgz",
				"longest": "https://registry.npmjs.org/longest/-/longest-1.0.1.tgz",
				"repeat-string": "https://registry.npmjs.org/repeat-string/-/repeat-string-1.6.1.tgz"
			}
		},
		"amdefine": {
			"version": "https://registry.npmjs.org/amdefine/-/amdefine-1.0.1.tgz",
			"integrity": "sha512-S2Hw0TtNkMJhIabBwIojKL9YHO5T0n5eNqWJ7Lrlel/zDbftQpxpapi8tZs3X1HWa+u+QeydGmzzNU0m09+Rcg==",
			"dev": true
		},
		"argparse": {
			"version": "https://registry.npmjs.org/argparse/-/argparse-1.0.9.tgz",
			"integrity": "sha512-iK7YPKV+GsvihPUTKcM3hh2gq47zSFCpVDv/Ay2O9mzuD7dfvLV4vhms4XcjZvv4VRgXuGLMEts51IlTjS11/A==",
			"dev": true,
			"requires": {
				"sprintf-js": "https://registry.npmjs.org/sprintf-js/-/sprintf-js-1.0.3.tgz"
			}
		},
		"argv": {
			"version": "0.0.2",
			"resolved": "https://registry.npmjs.org/argv/-/argv-0.0.2.tgz",
			"integrity": "sha1-7L0W+JSbFXGDcRsb2jNPN4QBhas=",
			"dev": true
		},
		"asn1": {
			"version": "0.2.3",
			"resolved": "https://registry.npmjs.org/asn1/-/asn1-0.2.3.tgz",
			"integrity": "sha1-2sh4dxPJlmhJ/IGAd36+nB3fO4Y=",
			"dev": true
		},
		"assert-plus": {
			"version": "1.0.0",
			"resolved": "https://registry.npmjs.org/assert-plus/-/assert-plus-1.0.0.tgz",
			"integrity": "sha1-8S4PPF13sLHN2RRpQuTpbB5N1SU=",
			"dev": true
		},
		"assertion-error": {
			"version": "1.1.0",
			"resolved": "https://registry.npmjs.org/assertion-error/-/assertion-error-1.1.0.tgz",
			"integrity": "sha512-jgsaNduz+ndvGyFt3uSuWqvy4lCnIJiovtouQN5JZHOKCS2QuhEdbcQHFhVksz2N2U9hXJo8odG7ETyWlEeuDw==",
			"dev": true
		},
		"async": {
			"version": "https://registry.npmjs.org/async/-/async-1.5.2.tgz",
			"integrity": "sha512-nSVgobk4rv61R9PUSDtYt7mPVB2olxNR5RWJcAsH676/ef11bUZwvu7+RGYrYauVdDPcO519v68wRhXQtxsV9w==",
			"dev": true
		},
		"asynckit": {
			"version": "0.4.0",
			"resolved": "https://registry.npmjs.org/asynckit/-/asynckit-0.4.0.tgz",
			"integrity": "sha1-x57Zf380y48robyXkLzDZkdLS3k=",
			"dev": true
		},
		"aws-sign2": {
			"version": "0.7.0",
			"resolved": "https://registry.npmjs.org/aws-sign2/-/aws-sign2-0.7.0.tgz",
			"integrity": "sha1-tG6JCTSpWR8tL2+G1+ap8bP+dqg=",
			"dev": true
		},
		"aws4": {
			"version": "1.7.0",
			"resolved": "https://registry.npmjs.org/aws4/-/aws4-1.7.0.tgz",
			"integrity": "sha512-32NDda82rhwD9/JBCCkB+MRYDp0oSvlo2IL6rQWA10PQi7tDUM3eqMSltXmY+Oyl/7N3P3qNtAlv7X0d9bI28w==",
			"dev": true
		},
		"balanced-match": {
			"version": "1.0.0",
			"resolved": "https://registry.npmjs.org/balanced-match/-/balanced-match-1.0.0.tgz",
			"integrity": "sha1-ibTRmasr7kneFk6gK4nORi1xt2c=",
			"dev": true
		},
		"bcrypt-pbkdf": {
			"version": "1.0.1",
			"resolved": "https://registry.npmjs.org/bcrypt-pbkdf/-/bcrypt-pbkdf-1.0.1.tgz",
			"integrity": "sha1-Y7xdy2EzG5K8Bf1SiVPDNGKgb40=",
			"dev": true,
			"optional": true,
			"requires": {
				"tweetnacl": "0.14.5"
			}
		},
		"boom": {
			"version": "4.3.1",
			"resolved": "https://registry.npmjs.org/boom/-/boom-4.3.1.tgz",
			"integrity": "sha1-T4owBctKfjiJ90kDD9JbluAdLjE=",
			"dev": true,
			"requires": {
				"hoek": "4.2.1"
			}
		},
		"brace-expansion": {
			"version": "1.1.11",
			"resolved": "https://registry.npmjs.org/brace-expansion/-/brace-expansion-1.1.11.tgz",
			"integrity": "sha512-iCuPHDFgrHX7H2vEI/5xpz07zSHB00TpugqhmYtVmMO6518mCuRMoOYFldEBl0g187ufozdaHgWKcYFb61qGiA==",
			"dev": true,
			"requires": {
				"balanced-match": "1.0.0",
				"concat-map": "0.0.1"
			}
		},
		"browser-stdout": {
			"version": "1.3.1",
			"resolved": "https://registry.npmjs.org/browser-stdout/-/browser-stdout-1.3.1.tgz",
			"integrity": "sha512-qhAVI1+Av2X7qelOfAIYwXONood6XlZE/fXaBSmW/T5SzLAmCgzi+eiWE7fUvbHaeNBQH13UftjpXxsfLkMpgw==",
			"dev": true
		},
		"camelcase": {
			"version": "https://registry.npmjs.org/camelcase/-/camelcase-1.2.1.tgz",
			"integrity": "sha512-wzLkDa4K/mzI1OSITC+DUyjgIl/ETNHE9QvYgy6J6Jvqyyz4C0Xfd+lQhb19sX2jMpZV4IssUn0VDVmglV+s4g==",
			"dev": true,
			"optional": true
		},
		"caseless": {
			"version": "0.12.0",
			"resolved": "https://registry.npmjs.org/caseless/-/caseless-0.12.0.tgz",
			"integrity": "sha1-G2gcIf+EAzyCZUMJBolCDRhxUdw=",
			"dev": true
		},
		"center-align": {
			"version": "https://registry.npmjs.org/center-align/-/center-align-0.1.3.tgz",
			"integrity": "sha512-Baz3aNe2gd2LP2qk5U+sDk/m4oSuwSDcBfayTCTBoWpfIGO5XFxPmjILQII4NGiZjD6DoDI6kf7gKaxkf7s3VQ==",
			"dev": true,
			"optional": true,
			"requires": {
				"align-text": "https://registry.npmjs.org/align-text/-/align-text-0.1.4.tgz",
				"lazy-cache": "https://registry.npmjs.org/lazy-cache/-/lazy-cache-1.0.4.tgz"
			}
		},
		"chai": {
			"version": "4.1.2",
			"resolved": "https://registry.npmjs.org/chai/-/chai-4.1.2.tgz",
			"integrity": "sha1-D2RYS6ZC8PKs4oBiefTwbKI61zw=",
			"dev": true,
			"requires": {
				"assertion-error": "1.1.0",
				"check-error": "1.0.2",
				"deep-eql": "3.0.1",
				"get-func-name": "2.0.0",
				"pathval": "1.1.0",
				"type-detect": "4.0.8"
			}
		},
		"check-error": {
			"version": "1.0.2",
			"resolved": "https://registry.npmjs.org/check-error/-/check-error-1.0.2.tgz",
			"integrity": "sha1-V00xLt2Iu13YkS6Sht1sCu1KrII=",
			"dev": true
		},
		"cliui": {
			"version": "https://registry.npmjs.org/cliui/-/cliui-2.1.0.tgz",
			"integrity": "sha512-GIOYRizG+TGoc7Wgc1LiOTLare95R3mzKgoln+Q/lE4ceiYH19gUpl0l0Ffq4lJDEf3FxujMe6IBfOCs7pfqNA==",
			"dev": true,
			"optional": true,
			"requires": {
				"center-align": "https://registry.npmjs.org/center-align/-/center-align-0.1.3.tgz",
				"right-align": "https://registry.npmjs.org/right-align/-/right-align-0.1.3.tgz",
				"wordwrap": "0.0.2"
			},
			"dependencies": {
				"wordwrap": {
					"version": "0.0.2",
					"resolved": "https://registry.npmjs.org/wordwrap/-/wordwrap-0.0.2.tgz",
					"integrity": "sha1-t5Zpu0LstAn4PVg8rVLKF+qhZD8=",
					"dev": true,
					"optional": true
				}
			}
		},
		"co": {
			"version": "4.6.0",
			"resolved": "https://registry.npmjs.org/co/-/co-4.6.0.tgz",
			"integrity": "sha1-bqa989hTrlTMuOR7+gvz+QMfsYQ=",
			"dev": true
		},
		"codecov": {
			"version": "3.0.1",
			"resolved": "https://registry.npmjs.org/codecov/-/codecov-3.0.1.tgz",
			"integrity": "sha512-0TjnXrbvcPzAkRPv/Y5D8aZju/M5adkFxShRyMMgDReB8EV9nF4XMERXs6ajgLA1di9LUFW2tgePDQd2JPWy7g==",
			"dev": true,
			"requires": {
				"argv": "0.0.2",
				"request": "2.85.0",
				"urlgrey": "0.4.4"
			}
		},
		"combined-stream": {
			"version": "1.0.6",
			"resolved": "https://registry.npmjs.org/combined-stream/-/combined-stream-1.0.6.tgz",
			"integrity": "sha1-cj599ugBrFYTETp+RFqbactjKBg=",
			"dev": true,
			"requires": {
				"delayed-stream": "1.0.0"
			}
		},
		"commander": {
			"version": "2.11.0",
			"resolved": "https://registry.npmjs.org/commander/-/commander-2.11.0.tgz",
			"integrity": "sha512-b0553uYA5YAEGgyYIGYROzKQ7X5RAqedkfjiZxwi0kL1g3bOaBNNZfYkzt/CL0umgD5wc9Jec2FbB98CjkMRvQ==",
			"dev": true
		},
		"concat-map": {
			"version": "0.0.1",
			"resolved": "https://registry.npmjs.org/concat-map/-/concat-map-0.0.1.tgz",
			"integrity": "sha1-2Klr13/Wjfd5OnMDajug1UBdR3s=",
			"dev": true
		},
		"core-util-is": {
			"version": "1.0.2",
			"resolved": "https://registry.npmjs.org/core-util-is/-/core-util-is-1.0.2.tgz",
			"integrity": "sha1-tf1UIgqivFq1eqtxQMlAdUUDwac=",
			"dev": true
		},
		"cryptiles": {
			"version": "3.1.2",
			"resolved": "https://registry.npmjs.org/cryptiles/-/cryptiles-3.1.2.tgz",
			"integrity": "sha1-qJ+7Ig9c4l7FboxKqKT9e1sNKf4=",
			"dev": true,
			"requires": {
				"boom": "5.2.0"
			},
			"dependencies": {
				"boom": {
					"version": "5.2.0",
					"resolved": "https://registry.npmjs.org/boom/-/boom-5.2.0.tgz",
					"integrity": "sha512-Z5BTk6ZRe4tXXQlkqftmsAUANpXmuwlsF5Oov8ThoMbQRzdGTA1ngYRW160GexgOgjsFOKJz0LYhoNi+2AMBUw==",
					"dev": true,
					"requires": {
						"hoek": "4.2.1"
					}
				}
			}
		},
		"dashdash": {
			"version": "1.14.1",
			"resolved": "https://registry.npmjs.org/dashdash/-/dashdash-1.14.1.tgz",
			"integrity": "sha1-hTz6D3y+L+1d4gMmuN1YEDX24vA=",
			"dev": true,
			"requires": {
				"assert-plus": "1.0.0"
			}
		},
		"debug": {
			"version": "3.1.0",
			"resolved": "https://registry.npmjs.org/debug/-/debug-3.1.0.tgz",
			"integrity": "sha512-OX8XqP7/1a9cqkxYw2yXss15f26NKWBpDXQd0/uK/KPqdQhxbPa994hnzjcE2VqQpDslf55723cKPUOGSmMY3g==",
			"dev": true,
			"requires": {
				"ms": "2.0.0"
			}
		},
		"decamelize": {
			"version": "https://registry.npmjs.org/decamelize/-/decamelize-1.2.0.tgz",
			"integrity": "sha512-z2S+W9X73hAUUki+N+9Za2lBlun89zigOyGrsax+KUQ6wKW4ZoWpEYBkGhQjwAjjDCkWxhY0VKEhk8wzY7F5cA==",
			"dev": true,
			"optional": true
		},
		"deep-eql": {
			"version": "3.0.1",
			"resolved": "https://registry.npmjs.org/deep-eql/-/deep-eql-3.0.1.tgz",
			"integrity": "sha512-+QeIQyN5ZuO+3Uk5DYh6/1eKO0m0YmJFGNmFHGACpf1ClL1nmlV/p4gNgbl2pJGxgXb4faqo6UE+M5ACEMyVcw==",
			"dev": true,
			"requires": {
				"type-detect": "4.0.8"
			}
		},
		"deep-is": {
			"version": "https://registry.npmjs.org/deep-is/-/deep-is-0.1.3.tgz",
			"integrity": "sha512-GtxAN4HvBachZzm4OnWqc45ESpUCMwkYcsjnsPs23FwJbsO+k4t0k9bQCgOmzIlpHO28+WPK/KRbRk0DDHuuDw==",
			"dev": true
		},
		"delayed-stream": {
			"version": "1.0.0",
			"resolved": "https://registry.npmjs.org/delayed-stream/-/delayed-stream-1.0.0.tgz",
			"integrity": "sha1-3zrhmayt+31ECqrgsp4icrJOxhk=",
			"dev": true
		},
		"diff": {
			"version": "3.5.0",
			"resolved": "https://registry.npmjs.org/diff/-/diff-3.5.0.tgz",
			"integrity": "sha512-A46qtFgd+g7pDZinpnwiRJtxbC1hpgf0uzP3iG89scHk0AUC7A1TGxf5OiiOUv/JMZR8GOt8hL900hV0bOy5xA==",
			"dev": true
		},
		"ecc-jsbn": {
			"version": "0.1.1",
			"resolved": "https://registry.npmjs.org/ecc-jsbn/-/ecc-jsbn-0.1.1.tgz",
			"integrity": "sha1-D8c6ntXw1Tw4GTOYUj735UN3dQU=",
			"dev": true,
			"optional": true,
			"requires": {
				"jsbn": "0.1.1"
			}
		},
		"escape-string-regexp": {
			"version": "1.0.5",
			"resolved": "https://registry.npmjs.org/escape-string-regexp/-/escape-string-regexp-1.0.5.tgz",
			"integrity": "sha1-G2HAViGQqN/2rjuyzwIAyhMLhtQ=",
			"dev": true
		},
		"escodegen": {
			"version": "https://registry.npmjs.org/escodegen/-/escodegen-1.8.1.tgz",
			"integrity": "sha512-yhi5S+mNTOuRvyW4gWlg5W1byMaQGWWSYHXsuFZ7GBo7tpyOwi2EdzMP/QWxh9hwkD2m+wDVHJsxhRIj+v/b/A==",
			"dev": true,
			"requires": {
				"esprima": "https://registry.npmjs.org/esprima/-/esprima-2.7.3.tgz",
				"estraverse": "https://registry.npmjs.org/estraverse/-/estraverse-1.9.3.tgz",
				"esutils": "https://registry.npmjs.org/esutils/-/esutils-2.0.2.tgz",
				"optionator": "https://registry.npmjs.org/optionator/-/optionator-0.8.2.tgz",
				"source-map": "https://registry.npmjs.org/source-map/-/source-map-0.2.0.tgz"
			}
		},
		"esprima": {
			"version": "https://registry.npmjs.org/esprima/-/esprima-2.7.3.tgz",
			"integrity": "sha512-OarPfz0lFCiW4/AV2Oy1Rp9qu0iusTKqykwTspGCZtPxmF81JR4MmIebvF1F9+UOKth2ZubLQ4XGGaU+hSn99A==",
			"dev": true
		},
		"estraverse": {
			"version": "https://registry.npmjs.org/estraverse/-/estraverse-1.9.3.tgz",
			"integrity": "sha512-25w1fMXQrGdoquWnScXZGckOv+Wes+JDnuN/+7ex3SauFRS72r2lFDec0EKPt2YD1wUJ/IrfEex+9yp4hfSOJA==",
			"dev": true
		},
		"esutils": {
			"version": "https://registry.npmjs.org/esutils/-/esutils-2.0.2.tgz",
			"integrity": "sha512-UUPPULqkyAV+M3Shodis7l8D+IyX6V8SbaBnTb449jf3fMTd8+UOZI1Q70NbZVOQkcR91yYgdHsJiMMMVmYshg==",
			"dev": true
		},
		"extend": {
			"version": "3.0.1",
			"resolved": "https://registry.npmjs.org/extend/-/extend-3.0.1.tgz",
			"integrity": "sha1-p1Xqe8Gt/MWjHOfnYtuq3F5jZEQ=",
			"dev": true
		},
		"extsprintf": {
			"version": "1.3.0",
			"resolved": "https://registry.npmjs.org/extsprintf/-/extsprintf-1.3.0.tgz",
			"integrity": "sha1-lpGEQOMEGnpBT4xS48V06zw+HgU=",
			"dev": true
		},
		"fast-deep-equal": {
			"version": "1.1.0",
			"resolved": "https://registry.npmjs.org/fast-deep-equal/-/fast-deep-equal-1.1.0.tgz",
			"integrity": "sha1-wFNHeBfIa1HaqFPIHgWbcz0CNhQ=",
			"dev": true
		},
		"fast-json-stable-stringify": {
			"version": "2.0.0",
			"resolved": "https://registry.npmjs.org/fast-json-stable-stringify/-/fast-json-stable-stringify-2.0.0.tgz",
			"integrity": "sha1-1RQsDK7msRifh9OnYREGT4bIu/I=",
			"dev": true
		},
		"fast-levenshtein": {
			"version": "https://registry.npmjs.org/fast-levenshtein/-/fast-levenshtein-2.0.6.tgz",
			"integrity": "sha512-DCXu6Ifhqcks7TZKY3Hxp3y6qphY5SJZmrWMDrKcERSOXWQdMhU9Ig/PYrzyw/ul9jOIyh0N4M0tbC5hodg8dw==",
			"dev": true
		},
		"forever-agent": {
			"version": "0.6.1",
			"resolved": "https://registry.npmjs.org/forever-agent/-/forever-agent-0.6.1.tgz",
			"integrity": "sha1-+8cfDEGt6zf5bFd60e1C2P2sypE=",
			"dev": true
		},
		"form-data": {
			"version": "2.3.2",
			"resolved": "https://registry.npmjs.org/form-data/-/form-data-2.3.2.tgz",
			"integrity": "sha1-SXBJi+YEwgwAXU9cI67NIda0kJk=",
			"dev": true,
			"requires": {
				"asynckit": "0.4.0",
				"combined-stream": "1.0.6",
				"mime-types": "2.1.18"
			}
		},
		"fs.realpath": {
			"version": "1.0.0",
			"resolved": "https://registry.npmjs.org/fs.realpath/-/fs.realpath-1.0.0.tgz",
			"integrity": "sha1-FQStJSMVjKpA20onh8sBQRmU6k8=",
			"dev": true
		},
		"get-func-name": {
			"version": "2.0.0",
			"resolved": "https://registry.npmjs.org/get-func-name/-/get-func-name-2.0.0.tgz",
			"integrity": "sha1-6td0q+5y4gQJQzoGY2YCPdaIekE=",
			"dev": true
		},
		"getpass": {
			"version": "0.1.7",
			"resolved": "https://registry.npmjs.org/getpass/-/getpass-0.1.7.tgz",
			"integrity": "sha1-Xv+OPmhNVprkyysSgmBOi6YhSfo=",
			"dev": true,
			"requires": {
				"assert-plus": "1.0.0"
			}
		},
		"glob": {
			"version": "5.0.15",
			"resolved": "https://registry.npmjs.org/glob/-/glob-5.0.15.tgz",
			"integrity": "sha1-G8k2ueAvSmA/zCIuz3Yz0wuLk7E=",
			"dev": true,
			"requires": {
				"inflight": "1.0.6",
				"inherits": "2.0.3",
				"minimatch": "3.0.4",
				"once": "https://registry.npmjs.org/once/-/once-1.4.0.tgz",
				"path-is-absolute": "1.0.1"
			}
		},
		"growl": {
			"version": "1.10.3",
			"resolved": "https://registry.npmjs.org/growl/-/growl-1.10.3.tgz",
			"integrity": "sha512-hKlsbA5Vu3xsh1Cg3J7jSmX/WaW6A5oBeqzM88oNbCRQFz+zUaXm6yxS4RVytp1scBoJzSYl4YAEOQIt6O8V1Q==",
			"dev": true
		},
		"handlebars": {
			"version": "https://registry.npmjs.org/handlebars/-/handlebars-4.0.8.tgz",
			"integrity": "sha512-SGbXCwsgMs9ILkdcnPxXyhMWlWNDTmMWw8JhdSx5nbwI+cMXxIcK70UsKmj8XaIOMK60eh8RLzUbje+9LmXfPg==",
			"dev": true,
			"requires": {
				"async": "https://registry.npmjs.org/async/-/async-1.5.2.tgz",
				"optimist": "https://registry.npmjs.org/optimist/-/optimist-0.6.1.tgz",
				"source-map": "0.4.4",
				"uglify-js": "https://registry.npmjs.org/uglify-js/-/uglify-js-2.8.24.tgz"
			},
			"dependencies": {
				"source-map": {
					"version": "0.4.4",
					"resolved": "https://registry.npmjs.org/source-map/-/source-map-0.4.4.tgz",
					"integrity": "sha1-66T12pwNyZneaAMti092FzZSA2s=",
					"dev": true,
					"requires": {
						"amdefine": "https://registry.npmjs.org/amdefine/-/amdefine-1.0.1.tgz"
					}
				}
			}
		},
		"har-schema": {
			"version": "2.0.0",
			"resolved": "https://registry.npmjs.org/har-schema/-/har-schema-2.0.0.tgz",
			"integrity": "sha1-qUwiJOvKwEeCoNkDVSHyRzW37JI=",
			"dev": true
		},
		"har-validator": {
			"version": "5.0.3",
			"resolved": "https://registry.npmjs.org/har-validator/-/har-validator-5.0.3.tgz",
			"integrity": "sha1-ukAsJmGU8VlW7xXg/PJCmT9qff0=",
			"dev": true,
			"requires": {
				"ajv": "5.5.2",
				"har-schema": "2.0.0"
			}
		},
		"has-flag": {
			"version": "https://registry.npmjs.org/has-flag/-/has-flag-1.0.0.tgz",
			"integrity": "sha512-DyYHfIYwAJmjAjSSPKANxI8bFY9YtFrgkAfinBojQ8YJTOuOuav64tMUJv584SES4xl74PmuaevIyaLESHdTAA==",
			"dev": true
		},
		"hawk": {
			"version": "6.0.2",
			"resolved": "https://registry.npmjs.org/hawk/-/hawk-6.0.2.tgz",
			"integrity": "sha512-miowhl2+U7Qle4vdLqDdPt9m09K6yZhkLDTWGoUiUzrQCn+mHHSmfJgAyGaLRZbPmTqfFFjRV1QWCW0VWUJBbQ==",
			"dev": true,
			"requires": {
				"boom": "4.3.1",
				"cryptiles": "3.1.2",
				"hoek": "4.2.1",
				"sntp": "2.1.0"
			}
		},
		"he": {
			"version": "1.1.1",
			"resolved": "https://registry.npmjs.org/he/-/he-1.1.1.tgz",
			"integrity": "sha1-k0EP0hsAlzUVH4howvJx80J+I/0=",
			"dev": true
		},
		"hoek": {
			"version": "4.2.1",
			"resolved": "https://registry.npmjs.org/hoek/-/hoek-4.2.1.tgz",
			"integrity": "sha512-QLg82fGkfnJ/4iy1xZ81/9SIJiq1NGFUMGs6ParyjBZr6jW2Ufj/snDqTHixNlHdPNwN2RLVD0Pi3igeK9+JfA==",
			"dev": true
		},
		"http-signature": {
			"version": "1.2.0",
			"resolved": "https://registry.npmjs.org/http-signature/-/http-signature-1.2.0.tgz",
			"integrity": "sha1-muzZJRFHcvPZW2WmCruPfBj7rOE=",
			"dev": true,
			"requires": {
				"assert-plus": "1.0.0",
				"jsprim": "1.4.1",
				"sshpk": "1.14.1"
			}
		},
		"inflight": {
			"version": "1.0.6",
			"resolved": "https://registry.npmjs.org/inflight/-/inflight-1.0.6.tgz",
			"integrity": "sha1-Sb1jMdfQLQwJvJEKEHW6gWW1bfk=",
			"dev": true,
			"requires": {
				"once": "https://registry.npmjs.org/once/-/once-1.4.0.tgz",
				"wrappy": "https://registry.npmjs.org/wrappy/-/wrappy-1.0.2.tgz"
			}
		},
		"inherits": {
			"version": "2.0.3",
			"resolved": "https://registry.npmjs.org/inherits/-/inherits-2.0.3.tgz",
			"integrity": "sha1-Yzwsg+PaQqUC9SRmAiSA9CCCYd4=",
			"dev": true
		},
		"is-buffer": {
			"version": "https://registry.npmjs.org/is-buffer/-/is-buffer-1.1.5.tgz",
			"integrity": "sha512-miqftL8E53hH0dtQqLdN+3JwClyJiITcif3gy+RiUlnLJUhEwdyRC29/gpYbuC9IhazGSnP8TjbvxWw2AZylWQ==",
			"dev": true
		},
		"is-typedarray": {
			"version": "1.0.0",
			"resolved": "https://registry.npmjs.org/is-typedarray/-/is-typedarray-1.0.0.tgz",
			"integrity": "sha1-5HnICFjfDBsR3dppQPlgEfzaSpo=",
			"dev": true
		},
		"isexe": {
			"version": "https://registry.npmjs.org/isexe/-/isexe-2.0.0.tgz",
			"integrity": "sha512-RHxMLp9lnKHGHRng9QFhRCMbYAcVpn69smSGcq3f36xjgVVWThj4qqLbTLlq7Ssj8B+fIQ1EuCEGI2lKsyQeIw==",
			"dev": true
		},
		"isstream": {
			"version": "0.1.2",
			"resolved": "https://registry.npmjs.org/isstream/-/isstream-0.1.2.tgz",
			"integrity": "sha1-R+Y/evVa+m+S4VAOaQ64uFKcCZo=",
			"dev": true
		},
		"istanbul": {
			"version": "https://registry.npmjs.org/istanbul/-/istanbul-0.4.5.tgz",
			"integrity": "sha512-nMtdn4hvK0HjUlzr1DrKSUY8ychprt8dzHOgY2KXsIhHu5PuQQEOTM27gV9Xblyon7aUH/TSFIjRHEODF/FRPg==",
			"dev": true,
			"requires": {
				"abbrev": "https://registry.npmjs.org/abbrev/-/abbrev-1.0.9.tgz",
				"async": "https://registry.npmjs.org/async/-/async-1.5.2.tgz",
				"escodegen": "https://registry.npmjs.org/escodegen/-/escodegen-1.8.1.tgz",
				"esprima": "https://registry.npmjs.org/esprima/-/esprima-2.7.3.tgz",
				"glob": "5.0.15",
				"handlebars": "https://registry.npmjs.org/handlebars/-/handlebars-4.0.8.tgz",
				"js-yaml": "https://registry.npmjs.org/js-yaml/-/js-yaml-3.8.4.tgz",
				"mkdirp": "https://registry.npmjs.org/mkdirp/-/mkdirp-0.5.1.tgz",
				"nopt": "https://registry.npmjs.org/nopt/-/nopt-3.0.6.tgz",
				"once": "https://registry.npmjs.org/once/-/once-1.4.0.tgz",
				"resolve": "https://registry.npmjs.org/resolve/-/resolve-1.1.7.tgz",
				"supports-color": "https://registry.npmjs.org/supports-color/-/supports-color-3.1.2.tgz",
				"which": "https://registry.npmjs.org/which/-/which-1.2.14.tgz",
				"wordwrap": "https://registry.npmjs.org/wordwrap/-/wordwrap-1.0.0.tgz"
			}
		},
		"js-yaml": {
			"version": "https://registry.npmjs.org/js-yaml/-/js-yaml-3.8.4.tgz",
			"integrity": "sha512-bgjcVwQFrFX7lpj97N1cLRCEUrXKdRqLWwvoKVFep3Qg5RAuYw78NeThxDekWvmuE1tg+0Ke49RshU1ZcXCHmA==",
			"dev": true,
			"requires": {
				"argparse": "https://registry.npmjs.org/argparse/-/argparse-1.0.9.tgz",
				"esprima": "3.1.3"
			},
			"dependencies": {
				"esprima": {
					"version": "3.1.3",
					"resolved": "https://registry.npmjs.org/esprima/-/esprima-3.1.3.tgz",
					"integrity": "sha1-/cpRzuYTOJXjyI1TXOSdv/YqRjM=",
					"dev": true
				}
			}
		},
		"jsbn": {
			"version": "0.1.1",
			"resolved": "https://registry.npmjs.org/jsbn/-/jsbn-0.1.1.tgz",
			"integrity": "sha1-peZUwuWi3rXyAdls77yoDA7y9RM=",
			"dev": true,
			"optional": true
		},
		"json-schema": {
			"version": "0.2.3",
			"resolved": "https://registry.npmjs.org/json-schema/-/json-schema-0.2.3.tgz",
			"integrity": "sha1-tIDIkuWaLwWVTOcnvT8qTogvnhM=",
			"dev": true
		},
		"json-schema-traverse": {
			"version": "0.3.1",
			"resolved": "https://registry.npmjs.org/json-schema-traverse/-/json-schema-traverse-0.3.1.tgz",
			"integrity": "sha1-NJptRMU6Ud6JtAgFxdXlm0F9M0A=",
			"dev": true
		},
		"json-stringify-safe": {
			"version": "5.0.1",
			"resolved": "https://registry.npmjs.org/json-stringify-safe/-/json-stringify-safe-5.0.1.tgz",
			"integrity": "sha1-Epai1Y/UXxmg9s4B1lcB4sc1tus=",
			"dev": true
		},
		"jsprim": {
			"version": "1.4.1",
			"resolved": "https://registry.npmjs.org/jsprim/-/jsprim-1.4.1.tgz",
			"integrity": "sha1-MT5mvB5cwG5Di8G3SZwuXFastqI=",
			"dev": true,
			"requires": {
				"assert-plus": "1.0.0",
				"extsprintf": "1.3.0",
				"json-schema": "0.2.3",
				"verror": "1.10.0"
			}
		},
		"kind-of": {
			"version": "https://registry.npmjs.org/kind-of/-/kind-of-3.2.0.tgz",
			"integrity": "sha512-ZtOIc7vHdaDUN/bZiECSA5/oewCa1q/eOH3FlmY8RiaVYgF1+3LBgtg6ursKOJ3UE3uzA9ELMKrYuvG25cMJbw==",
			"dev": true,
			"requires": {
				"is-buffer": "https://registry.npmjs.org/is-buffer/-/is-buffer-1.1.5.tgz"
			}
		},
		"lazy-cache": {
			"version": "https://registry.npmjs.org/lazy-cache/-/lazy-cache-1.0.4.tgz",
			"integrity": "sha512-RE2g0b5VGZsOCFOCgP7omTRYFqydmZkBwl5oNnQ1lDYC57uyO9KqNnNVxT7COSHTxrRCWVcAVOcbjk+tvh/rgQ==",
			"dev": true,
			"optional": true
		},
		"levn": {
			"version": "https://registry.npmjs.org/levn/-/levn-0.3.0.tgz",
			"integrity": "sha512-0OO4y2iOHix2W6ujICbKIaEQXvFQHue65vUG3pb5EUomzPI90z9hsA1VsO/dbIIpC53J8gxM9Q4Oho0jrCM/yA==",
			"dev": true,
			"requires": {
				"prelude-ls": "https://registry.npmjs.org/prelude-ls/-/prelude-ls-1.1.2.tgz",
				"type-check": "https://registry.npmjs.org/type-check/-/type-check-0.3.2.tgz"
			}
		},
		"longest": {
			"version": "https://registry.npmjs.org/longest/-/longest-1.0.1.tgz",
			"integrity": "sha512-k+yt5n3l48JU4k8ftnKG6V7u32wyH2NfKzeMto9F/QRE0amxy/LayxwlvjjkZEIzqR+19IrtFO8p5kB9QaYUFg==",
			"dev": true
		},
		"mime-db": {
			"version": "1.33.0",
			"resolved": "https://registry.npmjs.org/mime-db/-/mime-db-1.33.0.tgz",
			"integrity": "sha512-BHJ/EKruNIqJf/QahvxwQZXKygOQ256myeN/Ew+THcAa5q+PjyTTMMeNQC4DZw5AwfvelsUrA6B67NKMqXDbzQ==",
			"dev": true
		},
		"mime-types": {
			"version": "2.1.18",
			"resolved": "https://registry.npmjs.org/mime-types/-/mime-types-2.1.18.tgz",
			"integrity": "sha512-lc/aahn+t4/SWV/qcmumYjymLsWfN3ELhpmVuUFjgsORruuZPVSwAQryq+HHGvO/SI2KVX26bx+En+zhM8g8hQ==",
			"dev": true,
			"requires": {
				"mime-db": "1.33.0"
			}
		},
		"minimatch": {
			"version": "3.0.4",
			"resolved": "https://registry.npmjs.org/minimatch/-/minimatch-3.0.4.tgz",
			"integrity": "sha512-yJHVQEhyqPLUTgt9B83PXu6W3rx4MvvHvSUvToogpwoGDOUQ+yDrR0HRot+yOCdCO7u4hX3pWft6kWBBcqh0UA==",
			"dev": true,
			"requires": {
				"brace-expansion": "1.1.11"
			}
		},
		"minimist": {
			"version": "https://registry.npmjs.org/minimist/-/minimist-0.0.8.tgz",
			"integrity": "sha512-miQKw5Hv4NS1Psg2517mV4e4dYNaO3++hjAvLOAzKqZ61rH8NS1SK+vbfBWZ5PY/Me/bEWhUwqMghEW5Fb9T7Q==",
			"dev": true
		},
		"mkdirp": {
			"version": "https://registry.npmjs.org/mkdirp/-/mkdirp-0.5.1.tgz",
			"integrity": "sha512-SknJC52obPfGQPnjIkXbmA6+5H15E+fR+E4iR2oQ3zzCLbd7/ONua69R/Gw7AgkTLsRG+r5fzksYwWe1AgTyWA==",
			"dev": true,
			"requires": {
				"minimist": "https://registry.npmjs.org/minimist/-/minimist-0.0.8.tgz"
			}
		},
		"mocha": {
			"version": "5.1.1",
			"resolved": "https://registry.npmjs.org/mocha/-/mocha-5.1.1.tgz",
			"integrity": "sha512-kKKs/H1KrMMQIEsWNxGmb4/BGsmj0dkeyotEvbrAuQ01FcWRLssUNXCEUZk6SZtyJBi6EE7SL0zDDtItw1rGhw==",
			"dev": true,
			"requires": {
				"browser-stdout": "1.3.1",
				"commander": "2.11.0",
				"debug": "3.1.0",
				"diff": "3.5.0",
				"escape-string-regexp": "1.0.5",
				"glob": "7.1.2",
				"growl": "1.10.3",
				"he": "1.1.1",
				"minimatch": "3.0.4",
				"mkdirp": "https://registry.npmjs.org/mkdirp/-/mkdirp-0.5.1.tgz",
				"supports-color": "4.4.0"
			},
			"dependencies": {
				"glob": {
					"version": "7.1.2",
					"resolved": "https://registry.npmjs.org/glob/-/glob-7.1.2.tgz",
					"integrity": "sha512-MJTUg1kjuLeQCJ+ccE4Vpa6kKVXkPYJ2mOCQyUuKLcLQsdrMCpBPUi8qVE6+YuaJkozeA9NusTAw3hLr8Xe5EQ==",
					"dev": true,
					"requires": {
						"fs.realpath": "1.0.0",
						"inflight": "1.0.6",
						"inherits": "2.0.3",
						"minimatch": "3.0.4",
						"once": "https://registry.npmjs.org/once/-/once-1.4.0.tgz",
						"path-is-absolute": "1.0.1"
					}
				},
				"has-flag": {
					"version": "2.0.0",
					"resolved": "https://registry.npmjs.org/has-flag/-/has-flag-2.0.0.tgz",
					"integrity": "sha1-6CB68cx7MNRGzHC3NLXovhj4jVE=",
					"dev": true
				},
				"supports-color": {
					"version": "4.4.0",
					"resolved": "https://registry.npmjs.org/supports-color/-/supports-color-4.4.0.tgz",
					"integrity": "sha512-rKC3+DyXWgK0ZLKwmRsrkyHVZAjNkfzeehuFWdGGcqGDTZFH73+RH6S/RDAAxl9GusSjZSUWYLmT9N5pzXFOXQ==",
					"dev": true,
					"requires": {
						"has-flag": "2.0.0"
					}
				}
			}
		},
		"ms": {
			"version": "2.0.0",
			"resolved": "https://registry.npmjs.org/ms/-/ms-2.0.0.tgz",
			"integrity": "sha1-VgiurfwAvmwpAd9fmGF4jeDVl8g=",
			"dev": true
		},
		"nopt": {
			"version": "https://registry.npmjs.org/nopt/-/nopt-3.0.6.tgz",
			"integrity": "sha512-4GUt3kSEYmk4ITxzB/b9vaIDfUVWN/Ml1Fwl11IlnIG2iaJ9O6WXZ9SrYM9NLI8OCBieN2Y8SWC2oJV0RQ7qYg==",
			"dev": true,
			"requires": {
				"abbrev": "https://registry.npmjs.org/abbrev/-/abbrev-1.0.9.tgz"
			}
		},
		"oauth-sign": {
			"version": "0.8.2",
			"resolved": "https://registry.npmjs.org/oauth-sign/-/oauth-sign-0.8.2.tgz",
			"integrity": "sha1-Rqarfwrq2N6unsBWV4C31O/rnUM=",
			"dev": true
		},
		"once": {
			"version": "https://registry.npmjs.org/once/-/once-1.4.0.tgz",
			"integrity": "sha512-lNaJgI+2Q5URQBkccEKHTQOPaXdUxnZZElQTZY0MFUAuaEqe1E+Nyvgdz/aIyNi6Z9MzO5dv1H8n58/GELp3+w==",
			"dev": true,
			"requires": {
				"wrappy": "https://registry.npmjs.org/wrappy/-/wrappy-1.0.2.tgz"
			}
		},
		"optimist": {
			"version": "https://registry.npmjs.org/optimist/-/optimist-0.6.1.tgz",
			"integrity": "sha512-snN4O4TkigujZphWLN0E//nQmm7790RYaE53DdL7ZYwee2D8DDo9/EyYiKUfN3rneWUjhJnueija3G9I2i0h3g==",
			"dev": true,
			"requires": {
				"minimist": "https://registry.npmjs.org/minimist/-/minimist-0.0.8.tgz",
				"wordwrap": "0.0.3"
			},
			"dependencies": {
				"wordwrap": {
					"version": "0.0.3",
					"resolved": "https://registry.npmjs.org/wordwrap/-/wordwrap-0.0.3.tgz",
					"integrity": "sha1-o9XabNXAvAAI03I0u68b7WMFkQc=",
					"dev": true
				}
			}
		},
		"optionator": {
			"version": "https://registry.npmjs.org/optionator/-/optionator-0.8.2.tgz",
			"integrity": "sha512-oCOQ8AIC2ciLy/sE2ehafRBleBgDLvzGhBRRev87sP7ovnbvQfqpc3XFI0DhHey2OfVoNV91W+GPC6B3540/5Q==",
			"dev": true,
			"requires": {
				"deep-is": "https://registry.npmjs.org/deep-is/-/deep-is-0.1.3.tgz",
				"fast-levenshtein": "https://registry.npmjs.org/fast-levenshtein/-/fast-levenshtein-2.0.6.tgz",
				"levn": "https://registry.npmjs.org/levn/-/levn-0.3.0.tgz",
				"prelude-ls": "https://registry.npmjs.org/prelude-ls/-/prelude-ls-1.1.2.tgz",
				"type-check": "https://registry.npmjs.org/type-check/-/type-check-0.3.2.tgz",
				"wordwrap": "https://registry.npmjs.org/wordwrap/-/wordwrap-1.0.0.tgz"
			}
		},
		"path-is-absolute": {
			"version": "1.0.1",
			"resolved": "https://registry.npmjs.org/path-is-absolute/-/path-is-absolute-1.0.1.tgz",
			"integrity": "sha1-F0uSaHNVNP+8es5r9TpanhtcX18=",
			"dev": true
		},
		"pathval": {
			"version": "1.1.0",
			"resolved": "https://registry.npmjs.org/pathval/-/pathval-1.1.0.tgz",
			"integrity": "sha1-uULm1L3mUwBe9rcTYd74cn0GReA=",
			"dev": true
		},
		"performance-now": {
			"version": "2.1.0",
			"resolved": "https://registry.npmjs.org/performance-now/-/performance-now-2.1.0.tgz",
			"integrity": "sha1-Ywn04OX6kT7BxpMHrjZLSzd8nns=",
			"dev": true
		},
		"prelude-ls": {
			"version": "https://registry.npmjs.org/prelude-ls/-/prelude-ls-1.1.2.tgz",
			"integrity": "sha512-ESF23V4SKG6lVSGZgYNpbsiaAkdab6ZgOxe52p7+Kid3W3u3bxR4Vfd/o21dmN7jSt0IwgZ4v5MUd26FEtXE9w==",
			"dev": true
		},
		"punycode": {
			"version": "1.4.1",
			"resolved": "https://registry.npmjs.org/punycode/-/punycode-1.4.1.tgz",
			"integrity": "sha1-wNWmOycYgArY4esPpSachN1BhF4=",
			"dev": true
		},
		"qs": {
			"version": "6.5.1",
			"resolved": "https://registry.npmjs.org/qs/-/qs-6.5.1.tgz",
			"integrity": "sha512-eRzhrN1WSINYCDCbrz796z37LOe3m5tmW7RQf6oBntukAG1nmovJvhnwHHRMAfeoItc1m2Hk02WER2aQ/iqs+A==",
			"dev": true
		},
		"repeat-string": {
			"version": "https://registry.npmjs.org/repeat-string/-/repeat-string-1.6.1.tgz",
			"integrity": "sha512-PV0dzCYDNfRi1jCDbJzpW7jNNDRuCOG/jI5ctQcGKt/clZD+YcPS3yIlWuTJMmESC8aevCFmWJy5wjAFgNqN6w==",
			"dev": true
		},
		"request": {
			"version": "2.85.0",
			"resolved": "https://registry.npmjs.org/request/-/request-2.85.0.tgz",
			"integrity": "sha512-8H7Ehijd4js+s6wuVPLjwORxD4zeuyjYugprdOXlPSqaApmL/QOy+EB/beICHVCHkGMKNh5rvihb5ov+IDw4mg==",
			"dev": true,
			"requires": {
				"aws-sign2": "0.7.0",
				"aws4": "1.7.0",
				"caseless": "0.12.0",
				"combined-stream": "1.0.6",
				"extend": "3.0.1",
				"forever-agent": "0.6.1",
				"form-data": "2.3.2",
				"har-validator": "5.0.3",
				"hawk": "6.0.2",
				"http-signature": "1.2.0",
				"is-typedarray": "1.0.0",
				"isstream": "0.1.2",
				"json-stringify-safe": "5.0.1",
				"mime-types": "2.1.18",
				"oauth-sign": "0.8.2",
				"performance-now": "2.1.0",
				"qs": "6.5.1",
				"safe-buffer": "5.1.2",
				"stringstream": "0.0.5",
				"tough-cookie": "2.3.4",
				"tunnel-agent": "0.6.0",
				"uuid": "3.2.1"
			}
		},
		"resolve": {
			"version": "https://registry.npmjs.org/resolve/-/resolve-1.1.7.tgz",
			"integrity": "sha512-9znBF0vBcaSN3W2j7wKvdERPwqTxSpCq+if5C0WoTCyV9n24rua28jeuQ2pL/HOf+yUe/Mef+H/5p60K0Id3bg==",
			"dev": true
		},
		"right-align": {
			"version": "https://registry.npmjs.org/right-align/-/right-align-0.1.3.tgz",
			"integrity": "sha512-yqINtL/G7vs2v+dFIZmFUDbnVyFUJFKd6gK22Kgo6R4jfJGFtisKyncWDDULgjfqf4ASQuIQyjJ7XZ+3aWpsAg==",
			"dev": true,
			"optional": true,
			"requires": {
				"align-text": "https://registry.npmjs.org/align-text/-/align-text-0.1.4.tgz"
			}
		},
		"safe-buffer": {
			"version": "5.1.2",
			"resolved": "https://registry.npmjs.org/safe-buffer/-/safe-buffer-5.1.2.tgz",
			"integrity": "sha512-Gd2UZBJDkXlY7GbJxfsE8/nvKkUEU1G38c1siN6QP6a9PT9MmHB8GnpscSmMJSoF8LOIrt8ud/wPtojys4G6+g==",
			"dev": true
		},
		"sntp": {
			"version": "2.1.0",
			"resolved": "https://registry.npmjs.org/sntp/-/sntp-2.1.0.tgz",
			"integrity": "sha512-FL1b58BDrqS3A11lJ0zEdnJ3UOKqVxawAkF3k7F0CVN7VQ34aZrV+G8BZ1WC9ZL7NyrwsW0oviwsWDgRuVYtJg==",
			"dev": true,
			"requires": {
				"hoek": "4.2.1"
			}
		},
		"source-map": {
			"version": "https://registry.npmjs.org/source-map/-/source-map-0.2.0.tgz",
			"integrity": "sha512-CBdZ2oa/BHhS4xj5DlhjWNHcan57/5YuvfdLf17iVmIpd9KRm+DFLmC6nBNj+6Ua7Kt3TmOjDpQT1aTYOQtoUA==",
			"dev": true,
			"optional": true,
			"requires": {
				"amdefine": "https://registry.npmjs.org/amdefine/-/amdefine-1.0.1.tgz"
			}
		},
		"sprintf-js": {
			"version": "https://registry.npmjs.org/sprintf-js/-/sprintf-js-1.0.3.tgz",
			"integrity": "sha512-D9cPgkvLlV3t3IzL0D0YLvGA9Ahk4PcvVwUbN0dSGr1aP0Nrt4AEnTUbuGvquEC0mA64Gqt1fzirlRs5ibXx8g==",
			"dev": true
		},
		"sshpk": {
			"version": "1.14.1",
			"resolved": "https://registry.npmjs.org/sshpk/-/sshpk-1.14.1.tgz",
			"integrity": "sha1-Ew9Zde3a2WPx1W+SuaxsUfqfg+s=",
			"dev": true,
			"requires": {
				"asn1": "0.2.3",
				"assert-plus": "1.0.0",
				"bcrypt-pbkdf": "1.0.1",
				"dashdash": "1.14.1",
				"ecc-jsbn": "0.1.1",
				"getpass": "0.1.7",
				"jsbn": "0.1.1",
				"tweetnacl": "0.14.5"
			}
		},
		"stringstream": {
			"version": "0.0.5",
			"resolved": "https://registry.npmjs.org/stringstream/-/stringstream-0.0.5.tgz",
			"integrity": "sha1-TkhM1N5aC7vuGORjB3EKioFiGHg=",
			"dev": true
		},
		"supports-color": {
			"version": "https://registry.npmjs.org/supports-color/-/supports-color-3.1.2.tgz",
			"integrity": "sha512-F8dvPrZJtNzvDRX26eNXT4a7AecAvTGljmmnI39xEgSpbHKhQ7N0dO/NTxUExd0wuLHp4zbwYY7lvHq0aKpwrA==",
			"dev": true,
			"requires": {
				"has-flag": "https://registry.npmjs.org/has-flag/-/has-flag-1.0.0.tgz"
			}
		},
		"tough-cookie": {
			"version": "2.3.4",
			"resolved": "https://registry.npmjs.org/tough-cookie/-/tough-cookie-2.3.4.tgz",
			"integrity": "sha512-TZ6TTfI5NtZnuyy/Kecv+CnoROnyXn2DN97LontgQpCwsX2XyLYCC0ENhYkehSOwAp8rTQKc/NUIF7BkQ5rKLA==",
			"dev": true,
			"requires": {
				"punycode": "1.4.1"
			}
		},
		"tunnel-agent": {
			"version": "0.6.0",
			"resolved": "https://registry.npmjs.org/tunnel-agent/-/tunnel-agent-0.6.0.tgz",
			"integrity": "sha1-J6XeoGs2sEoKmWZ3SykIaPD8QP0=",
			"dev": true,
			"requires": {
				"safe-buffer": "5.1.2"
			}
		},
		"tweetnacl": {
			"version": "0.14.5",
			"resolved": "https://registry.npmjs.org/tweetnacl/-/tweetnacl-0.14.5.tgz",
			"integrity": "sha1-WuaBd/GS1EViadEIr6k/+HQ/T2Q=",
			"dev": true,
			"optional": true
		},
		"type-check": {
			"version": "https://registry.npmjs.org/type-check/-/type-check-0.3.2.tgz",
			"integrity": "sha512-ZCmOJdvOWDBYJlzAoFkC+Q0+bUyEOS1ltgp1MGU03fqHG+dbi9tBFU2Rd9QKiDZFAYrhPh2JUf7rZRIuHRKtOg==",
			"dev": true,
			"requires": {
				"prelude-ls": "https://registry.npmjs.org/prelude-ls/-/prelude-ls-1.1.2.tgz"
			}
		},
		"type-detect": {
			"version": "4.0.8",
			"resolved": "https://registry.npmjs.org/type-detect/-/type-detect-4.0.8.tgz",
			"integrity": "sha512-0fr/mIH1dlO+x7TlcMy+bIDqKPsw/70tVyeHW787goQjhmqaZe10uwLujubK9q9Lg6Fiho1KUKDYz0Z7k7g5/g==",
			"dev": true
		},
		"uglify-js": {
			"version": "https://registry.npmjs.org/uglify-js/-/uglify-js-2.8.24.tgz",
			"integrity": "sha512-9UA7Sep3T7ebFzNs00QpQEqW5JyU30T9EDsQPkgc3u3bHm5bungy++47T/o+y3t+xQNvcWpFvdAD5sIskoADjg==",
			"dev": true,
			"optional": true,
			"requires": {
				"source-map": "0.5.7",
				"uglify-to-browserify": "https://registry.npmjs.org/uglify-to-browserify/-/uglify-to-browserify-1.0.2.tgz",
				"yargs": "https://registry.npmjs.org/yargs/-/yargs-3.10.0.tgz"
			},
			"dependencies": {
				"source-map": {
					"version": "0.5.7",
					"resolved": "https://registry.npmjs.org/source-map/-/source-map-0.5.7.tgz",
					"integrity": "sha1-igOdLRAh0i0eoUyA2OpGi6LvP8w=",
					"dev": true,
					"optional": true
				}
			}
		},
		"uglify-to-browserify": {
			"version": "https://registry.npmjs.org/uglify-to-browserify/-/uglify-to-browserify-1.0.2.tgz",
			"integrity": "sha512-vb2s1lYx2xBtUgy+ta+b2J/GLVUR+wmpINwHePmPRhOsIVCG2wDzKJ0n14GslH1BifsqVzSOwQhRaCAsZ/nI4Q==",
			"dev": true,
			"optional": true
		},
		"urlgrey": {
			"version": "0.4.4",
			"resolved": "https://registry.npmjs.org/urlgrey/-/urlgrey-0.4.4.tgz",
			"integrity": "sha1-iS/pWWCAXoVRnxzUOJ8stMu3ZS8=",
			"dev": true
		},
		"uuid": {
			"version": "3.2.1",
			"resolved": "https://registry.npmjs.org/uuid/-/uuid-3.2.1.tgz",
			"integrity": "sha512-jZnMwlb9Iku/O3smGWvZhauCf6cvvpKi4BKRiliS3cxnI+Gz9j5MEpTz2UFuXiKPJocb7gnsLHwiS05ige5BEA==",
			"dev": true
		},
		"verror": {
			"version": "1.10.0",
			"resolved": "https://registry.npmjs.org/verror/-/verror-1.10.0.tgz",
			"integrity": "sha1-OhBcoXBTr1XW4nDB+CiGguGNpAA=",
			"dev": true,
			"requires": {
				"assert-plus": "1.0.0",
				"core-util-is": "1.0.2",
				"extsprintf": "1.3.0"
			}
		},
		"which": {
			"version": "https://registry.npmjs.org/which/-/which-1.2.14.tgz",
			"integrity": "sha512-16uPglFkRPzgiUXYMi1Jf8Z5EzN1iB4V0ZtMXcHZnwsBtQhhHeCqoWw7tsUY42hJGNDWtUsVLTjakIa5BgAxCw==",
			"dev": true,
			"requires": {
				"isexe": "https://registry.npmjs.org/isexe/-/isexe-2.0.0.tgz"
			}
		},
		"window-size": {
			"version": "https://registry.npmjs.org/window-size/-/window-size-0.1.0.tgz",
			"integrity": "sha512-1pTPQDKTdd61ozlKGNCjhNRd+KPmgLSGa3mZTHoOliaGcESD8G1PXhh7c1fgiPjVbNVfgy2Faw4BI8/m0cC8Mg==",
			"dev": true,
			"optional": true
		},
		"wordwrap": {
			"version": "https://registry.npmjs.org/wordwrap/-/wordwrap-1.0.0.tgz",
			"integrity": "sha512-gvVzJFlPycKc5dZN4yPkP8w7Dc37BtP1yczEneOb4uq34pXZcvrtRTmWV8W+Ume+XCxKgbjM+nevkyFPMybd4Q==",
			"dev": true
		},
		"wrappy": {
			"version": "https://registry.npmjs.org/wrappy/-/wrappy-1.0.2.tgz",
			"integrity": "sha512-l4Sp/DRseor9wL6EvV2+TuQn63dMkPjZ/sp9XkghTEbV9KlPS1xUsZ3u7/IQO4wxtcFB4bgpQPRcR3QCvezPcQ==",
			"dev": true
		},
		"yargs": {
			"version": "https://registry.npmjs.org/yargs/-/yargs-3.10.0.tgz",
			"integrity": "sha512-QFzUah88GAGy9lyDKGBqZdkYApt63rCXYBGYnEP4xDJPXNqXXnBDACnbrXnViV6jRSqAePwrATi2i8mfYm4L1A==",
			"dev": true,
			"optional": true,
			"requires": {
				"camelcase": "https://registry.npmjs.org/camelcase/-/camelcase-1.2.1.tgz",
				"cliui": "https://registry.npmjs.org/cliui/-/cliui-2.1.0.tgz",
				"decamelize": "https://registry.npmjs.org/decamelize/-/decamelize-1.2.0.tgz",
				"window-size": "https://registry.npmjs.org/window-size/-/window-size-0.1.0.tgz"
			}
		}
	}
}
